// !$*UTF8*$!
{
	archiveVersion = 1;
	classes = {
	};
	objectVersion = 77;
	objects = {

/* Begin PBXBuildFile section */
		A65D2C182F65789A00484A64 /* NetworkError.swift in Sources */ = {isa = PBXBuildFile; fileRef = A65D2C072F65789A00484A64 /* NetworkError.swift */; };
		A65D2C192F65789A00484A64 /* TokenProvider.swift in Sources */ = {isa = PBXBuildFile; fileRef = A65D2BFC2F65789A00484A64 /* TokenProvider.swift */; };
		A65D2C1A2F65789A00484A64 /* NetworkLogger.swift in Sources */ = {isa = PBXBuildFile; fileRef = A65D2C0B2F65789A00484A64 /* NetworkLogger.swift */; };
		A65D2C1B2F65789A00484A64 /* HttpClientConfig.swift in Sources */ = {isa = PBXBuildFile; fileRef = A65D2C052F65789A00484A64 /* HttpClientConfig.swift */; };
		A65D2C1C2F65789A00484A64 /* MockProvider.swift in Sources */ = {isa = PBXBuildFile; fileRef = A65D2C0D2F65789A00484A64 /* MockProvider.swift */; };
		A65D2C1D2F65789A00484A64 /* RequestPool.swift in Sources */ = {isa = PBXBuildFile; fileRef = A65D2C122F65789A00484A64 /* RequestPool.swift */; };
		A65D2C1E2F65789A00484A64 /* OfflineRequest.swift in Sources */ = {isa = PBXBuildFile; fileRef = A65D2C102F65789A00484A64 /* OfflineRequest.swift */; };
		A65D2C1F2F65789A00484A64 /* CachePolicy.swift in Sources */ = {isa = PBXBuildFile; fileRef = A65D2C002F65789A00484A64 /* CachePolicy.swift */; };
		A65D2C202F65789A00484A64 /* TokenRefresher.swift in Sources */ = {isa = PBXBuildFile; fileRef = A65D2BFD2F65789A00484A64 /* TokenRefresher.swift */; };
		A65D2C212F65789A00484A64 /* HttpClientFactory.swift in Sources */ = {isa = PBXBuildFile; fileRef = A65D2C062F65789A00484A64 /* HttpClientFactory.swift */; };
		A65D2C222F65789A00484A64 /* HttpClient.swift in Sources */ = {isa = PBXBuildFile; fileRef = A65D2C042F65789A00484A64 /* HttpClient.swift */; };
		A65D2C232F65789A00484A64 /* OfflineQueue.swift in Sources */ = {isa = PBXBuildFile; fileRef = A65D2C0F2F65789A00484A64 /* OfflineQueue.swift */; };
		A65D2C242F65789A00484A64 /* AuthInterceptor.swift in Sources */ = {isa = PBXBuildFile; fileRef = A65D2BFA2F65789A00484A64 /* AuthInterceptor.swift */; };
		A65D2C252F65789A00484A64 /* TokenManager.swift in Sources */ = {isa = PBXBuildFile; fileRef = A65D2BFB2F65789A00484A64 /* TokenManager.swift */; };
		A65D2C262F65789A00484A64 /* RequestDeduplicationPolicy.swift in Sources */ = {isa = PBXBuildFile; fileRef = A65D2C082F65789A00484A64 /* RequestDeduplicationPolicy.swift */; };
		A65D2C272F65789A00484A64 /* TokenStore.swift in Sources */ = {isa = PBXBuildFile; fileRef = A65D2BFE2F65789A00484A64 /* TokenStore.swift */; };
		A65D2C282F65789A00484A64 /* HTTPCache.swift in Sources */ = {isa = PBXBuildFile; fileRef = A65D2C012F65789A00484A64 /* HTTPCache.swift */; };
		A65D2C292F65789A00484A64 /* RetryInterceptor.swift in Sources */ = {isa = PBXBuildFile; fileRef = A65D2C142F65789A00484A64 /* RetryInterceptor.swift */; };
		A65D2C2A2F65789A00484A64 /* TransferManager.swift in Sources */ = {isa = PBXBuildFile; fileRef = A65D2C162F65789A00484A64 /* TransferManager.swift */; };
		A65D2C2B2F65789A00484A64 /* Endpoint.swift in Sources */ = {isa = PBXBuildFile; fileRef = A65D2C032F65789A00484A64 /* Endpoint.swift */; };
		A65D2C2C2F65789A00484A64 /* ResponseDecoder.swift in Sources */ = {isa = PBXBuildFile; fileRef = A65D2C092F65789A00484A64 /* ResponseDecoder.swift */; };
		A6D9A6192F6542E1002E5130 /* Alamofire in Frameworks */ = {isa = PBXBuildFile; productRef = A6D9A6182F6542E1002E5130 /* Alamofire */; };
		A6D9A61B2F6542E1002E5130 /* AlamofireDynamic in Frameworks */ = {isa = PBXBuildFile; productRef = A6D9A61A2F6542E1002E5130 /* AlamofireDynamic */; };
		A6D9A61D2F654342002E5130 /* Package.swift in Sources */ = {isa = PBXBuildFile; fileRef = A6D9A61C2F654342002E5130 /* Package.swift */; };
		A6E1F7322F6520C30040DE94 /* NetCore.framework in Frameworks */ = {isa = PBXBuildFile; fileRef = A6E1F7282F6520C20040DE94 /* NetCore.framework */; };
/* End PBXBuildFile section */

/* Begin PBXContainerItemProxy section */
		A6E1F7332F6520C30040DE94 /* PBXContainerItemProxy */ = {
			isa = PBXContainerItemProxy;
			containerPortal = A6E1F71F2F6520C20040DE94 /* Project object */;
			proxyType = 1;
			remoteGlobalIDString = A6E1F7272F6520C20040DE94;
			remoteInfo = NetCore;
		};
/* End PBXContainerItemProxy section */

/* Begin PBXFileReference section */
		A65D2BFA2F65789A00484A64 /* AuthInterceptor.swift */ = {isa = PBXFileReference; lastKnownFileType = sourcecode.swift; path = AuthInterceptor.swift; sourceTree = "<group>"; };
		A65D2BFB2F65789A00484A64 /* TokenManager.swift */ = {isa = PBXFileReference; lastKnownFileType = sourcecode.swift; path = TokenManager.swift; sourceTree = "<group>"; };
		A65D2BFC2F65789A00484A64 /* TokenProvider.swift */ = {isa = PBXFileReference; lastKnownFileType = sourcecode.swift; path = TokenProvider.swift; sourceTree = "<group>"; };
		A65D2BFD2F65789A00484A64 /* TokenRefresher.swift */ = {isa = PBXFileReference; lastKnownFileType = sourcecode.swift; path = TokenRefresher.swift; sourceTree = "<group>"; };
		A65D2BFE2F65789A00484A64 /* TokenStore.swift */ = {isa = PBXFileReference; lastKnownFileType = sourcecode.swift; path = TokenStore.swift; sourceTree = "<group>"; };
		A65D2C002F65789A00484A64 /* CachePolicy.swift */ = {isa = PBXFileReference; lastKnownFileType = sourcecode.swift; path = CachePolicy.swift; sourceTree = "<group>"; };
		A65D2C012F65789A00484A64 /* HTTPCache.swift */ = {isa = PBXFileReference; lastKnownFileType = sourcecode.swift; path = HTTPCache.swift; sourceTree = "<group>"; };
		A65D2C032F65789A00484A64 /* Endpoint.swift */ = {isa = PBXFileReference; lastKnownFileType = sourcecode.swift; path = Endpoint.swift; sourceTree = "<group>"; };
		A65D2C042F65789A00484A64 /* HttpClient.swift */ = {isa = PBXFileReference; lastKnownFileType = sourcecode.swift; path = HttpClient.swift; sourceTree = "<group>"; };
		A65D2C052F65789A00484A64 /* HttpClientConfig.swift */ = {isa = PBXFileReference; lastKnownFileType = sourcecode.swift; path = HttpClientConfig.swift; sourceTree = "<group>"; };
		A65D2C062F65789A00484A64 /* HttpClientFactory.swift */ = {isa = PBXFileReference; lastKnownFileType = sourcecode.swift; path = HttpClientFactory.swift; sourceTree = "<group>"; };
		A65D2C072F65789A00484A64 /* NetworkError.swift */ = {isa = PBXFileReference; lastKnownFileType = sourcecode.swift; path = NetworkError.swift; sourceTree = "<group>"; };
		A65D2C082F65789A00484A64 /* RequestDeduplicationPolicy.swift */ = {isa = PBXFileReference; lastKnownFileType = sourcecode.swift; path = RequestDeduplicationPolicy.swift; sourceTree = "<group>"; };
		A65D2C092F65789A00484A64 /* ResponseDecoder.swift */ = {isa = PBXFileReference; lastKnownFileType = sourcecode.swift; path = ResponseDecoder.swift; sourceTree = "<group>"; };
		A65D2C0B2F65789A00484A64 /* NetworkLogger.swift */ = {isa = PBXFileReference; lastKnownFileType = sourcecode.swift; path = NetworkLogger.swift; sourceTree = "<group>"; };
		A65D2C0D2F65789A00484A64 /* MockProvider.swift */ = {isa = PBXFileReference; lastKnownFileType = sourcecode.swift; path = MockProvider.swift; sourceTree = "<group>"; };
		A65D2C0F2F65789A00484A64 /* OfflineQueue.swift */ = {isa = PBXFileReference; lastKnownFileType = sourcecode.swift; path = OfflineQueue.swift; sourceTree = "<group>"; };
		A65D2C102F65789A00484A64 /* OfflineRequest.swift */ = {isa = PBXFileReference; lastKnownFileType = sourcecode.swift; path = OfflineRequest.swift; sourceTree = "<group>"; };
		A65D2C122F65789A00484A64 /* RequestPool.swift */ = {isa = PBXFileReference; lastKnownFileType = sourcecode.swift; path = RequestPool.swift; sourceTree = "<group>"; };
		A65D2C142F65789A00484A64 /* RetryInterceptor.swift */ = {isa = PBXFileReference; lastKnownFileType = sourcecode.swift; path = RetryInterceptor.swift; sourceTree = "<group>"; };
		A65D2C162F65789A00484A64 /* TransferManager.swift */ = {isa = PBXFileReference; lastKnownFileType = sourcecode.swift; path = TransferManager.swift; sourceTree = "<group>"; };
		A6D9A61C2F654342002E5130 /* Package.swift */ = {isa = PBXFileReference; lastKnownFileType = sourcecode.swift; path = Package.swift; sourceTree = "<group>"; };
		A6E1F7282F6520C20040DE94 /* NetCore.framework */ = {isa = PBXFileReference; explicitFileType = wrapper.framework; includeInIndex = 0; path = NetCore.framework; sourceTree = BUILT_PRODUCTS_DIR; };
		A6E1F7312F6520C30040DE94 /* NetCoreTests.xctest */ = {isa = PBXFileReference; explicitFileType = wrapper.cfbundle; includeInIndex = 0; path = NetCoreTests.xctest; sourceTree = BUILT_PRODUCTS_DIR; };
/* End PBXFileReference section */

/* Begin PBXFileSystemSynchronizedRootGroup section */
		A6E1F72A2F6520C20040DE94 /* NetCore */ = {
			isa = PBXFileSystemSynchronizedRootGroup;
			path = NetCore;
			sourceTree = "<group>";
		};
		A6E1F7352F6520C30040DE94 /* NetCoreTests */ = {
			isa = PBXFileSystemSynchronizedRootGroup;
			path = NetCoreTests;
			sourceTree = "<group>";
		};
/* End PBXFileSystemSynchronizedRootGroup section */

/* Begin PBXFrameworksBuildPhase section */
		A6E1F7252F6520C20040DE94 /* Frameworks */ = {
			isa = PBXFrameworksBuildPhase;
			buildActionMask = 2147483647;
			files = (
				A6D9A6192F6542E1002E5130 /* Alamofire in Frameworks */,
				A6D9A61B2F6542E1002E5130 /* AlamofireDynamic in Frameworks */,
			);
			runOnlyForDeploymentPostprocessing = 0;
		};
		A6E1F72E2F6520C30040DE94 /* Frameworks */ = {
			isa = PBXFrameworksBuildPhase;
			buildActionMask = 2147483647;
			files = (
				A6E1F7322F6520C30040DE94 /* NetCore.framework in Frameworks */,
			);
			runOnlyForDeploymentPostprocessing = 0;
		};
/* End PBXFrameworksBuildPhase section */

/* Begin PBXGroup section */
		A65D2BFF2F65789A00484A64 /* Auth */ = {
			isa = PBXGroup;
			children = (
				A65D2BFA2F65789A00484A64 /* AuthInterceptor.swift */,
				A65D2BFB2F65789A00484A64 /* TokenManager.swift */,
				A65D2BFC2F65789A00484A64 /* TokenProvider.swift */,
				A65D2BFD2F65789A00484A64 /* TokenRefresher.swift */,
				A65D2BFE2F65789A00484A64 /* TokenStore.swift */,
			);
			path = Auth;
			sourceTree = "<group>";
		};
		A65D2C022F65789A00484A64 /* Cache */ = {
			isa = PBXGroup;
			children = (
				A65D2C002F65789A00484A64 /* CachePolicy.swift */,
				A65D2C012F65789A00484A64 /* HTTPCache.swift */,
			);
			path = Cache;
			sourceTree = "<group>";
		};
		A65D2C0A2F65789A00484A64 /* Core */ = {
			isa = PBXGroup;
			children = (
				A65D2C032F65789A00484A64 /* Endpoint.swift */,
				A65D2C042F65789A00484A64 /* HttpClient.swift */,
				A65D2C052F65789A00484A64 /* HttpClientConfig.swift */,
				A65D2C062F65789A00484A64 /* HttpClientFactory.swift */,
				A65D2C072F65789A00484A64 /* NetworkError.swift */,
				A65D2C082F65789A00484A64 /* RequestDeduplicationPolicy.swift */,
				A65D2C092F65789A00484A64 /* ResponseDecoder.swift */,
			);
			path = Core;
			sourceTree = "<group>";
		};
		A65D2C0C2F65789A00484A64 /* Logger */ = {
			isa = PBXGroup;
			children = (
				A65D2C0B2F65789A00484A64 /* NetworkLogger.swift */,
			);
			path = Logger;
			sourceTree = "<group>";
		};
		A65D2C0E2F65789A00484A64 /* Mock */ = {
			isa = PBXGroup;
			children = (
				A65D2C0D2F65789A00484A64 /* MockProvider.swift */,
			);
			path = Mock;
			sourceTree = "<group>";
		};
		A65D2C112F65789A00484A64 /* Offline */ = {
			isa = PBXGroup;
			children = (
				A65D2C0F2F65789A00484A64 /* OfflineQueue.swift */,
				A65D2C102F65789A00484A64 /* OfflineRequest.swift */,
			);
			path = Offline;
			sourceTree = "<group>";
		};
		A65D2C132F65789A00484A64 /* RequestPool */ = {
			isa = PBXGroup;
			children = (
				A65D2C122F65789A00484A64 /* RequestPool.swift */,
			);
			path = RequestPool;
			sourceTree = "<group>";
		};
		A65D2C152F65789A00484A64 /* Retry */ = {
			isa = PBXGroup;
			children = (
				A65D2C142F65789A00484A64 /* RetryInterceptor.swift */,
			);
			path = Retry;
			sourceTree = "<group>";
		};
		A65D2C172F65789A00484A64 /* UploadDownload */ = {
			isa = PBXGroup;
			children = (
				A65D2C162F65789A00484A64 /* TransferManager.swift */,
			);
			path = UploadDownload;
			sourceTree = "<group>";
		};
		A6D9A60F2F65425C002E5130 /* Sources */ = {
			isa = PBXGroup;
			children = (
				A65D2BFF2F65789A00484A64 /* Auth */,
				A65D2C022F65789A00484A64 /* Cache */,
				A65D2C0A2F65789A00484A64 /* Core */,
				A65D2C0C2F65789A00484A64 /* Logger */,
				A65D2C0E2F65789A00484A64 /* Mock */,
				A65D2C112F65789A00484A64 /* Offline */,
				A65D2C132F65789A00484A64 /* RequestPool */,
				A65D2C152F65789A00484A64 /* Retry */,
				A65D2C172F65789A00484A64 /* UploadDownload */,
			);
			path = Sources;
			sourceTree = "<group>";
		};
		A6E1F71E2F6520C20040DE94 = {
			isa = PBXGroup;
			children = (
				A6D9A61C2F654342002E5130 /* Package.swift */,
				A6D9A60F2F65425C002E5130 /* Sources */,
				A6E1F72A2F6520C20040DE94 /* NetCore */,
				A6E1F7352F6520C30040DE94 /* NetCoreTests */,
				A6E1F7292F6520C20040DE94 /* Products */,
			);
			sourceTree = "<group>";
		};
		A6E1F7292F6520C20040DE94 /* Products */ = {
			isa = PBXGroup;
			children = (
				A6E1F7282F6520C20040DE94 /* NetCore.framework */,
				A6E1F7312F6520C30040DE94 /* NetCoreTests.xctest */,
			);
			name = Products;
			sourceTree = "<group>";
		};
/* End PBXGroup section */

/* Begin PBXHeadersBuildPhase section */
		A6E1F7232F6520C20040DE94 /* Headers */ = {
			isa = PBXHeadersBuildPhase;
			buildActionMask = 2147483647;
			files = (
			);
			runOnlyForDeploymentPostprocessing = 0;
		};
/* End PBXHeadersBuildPhase section */

/* Begin PBXNativeTarget section */
		A6E1F7272F6520C20040DE94 /* NetCore */ = {
			isa = PBXNativeTarget;
			buildConfigurationList = A6E1F73A2F6520C30040DE94 /* Build configuration list for PBXNativeTarget "NetCore" */;
			buildPhases = (
				A6E1F7232F6520C20040DE94 /* Headers */,
				A6E1F7242F6520C20040DE94 /* Sources */,
				A6E1F7252F6520C20040DE94 /* Frameworks */,
				A6E1F7262F6520C20040DE94 /* Resources */,
			);
			buildRules = (
			);
			dependencies = (
			);
			fileSystemSynchronizedGroups = (
				A6E1F72A2F6520C20040DE94 /* NetCore */,
			);
			name = NetCore;
			packageProductDependencies = (
				A6D9A6182F6542E1002E5130 /* Alamofire */,
				A6D9A61A2F6542E1002E5130 /* AlamofireDynamic */,
			);
			productName = NetCore;
			productReference = A6E1F7282F6520C20040DE94 /* NetCore.framework */;
			productType = "com.apple.product-type.framework";
		};
		A6E1F7302F6520C30040DE94 /* NetCoreTests */ = {
			isa = PBXNativeTarget;
			buildConfigurationList = A6E1F73D2F6520C30040DE94 /* Build configuration list for PBXNativeTarget "NetCoreTests" */;
			buildPhases = (
				A6E1F72D2F6520C30040DE94 /* Sources */,
				A6E1F72E2F6520C30040DE94 /* Frameworks */,
				A6E1F72F2F6520C30040DE94 /* Resources */,
			);
			buildRules = (
			);
			dependencies = (
				A6E1F7342F6520C30040DE94 /* PBXTargetDependency */,
			);
			fileSystemSynchronizedGroups = (
				A6E1F7352F6520C30040DE94 /* NetCoreTests */,
			);
			name = NetCoreTests;
			packageProductDependencies = (
			);
			productName = NetCoreTests;
			productReference = A6E1F7312F6520C30040DE94 /* NetCoreTests.xctest */;
			productType = "com.apple.product-type.bundle.unit-test";
		};
/* End PBXNativeTarget section */

/* Begin PBXProject section */
		A6E1F71F2F6520C20040DE94 /* Project object */ = {
			isa = PBXProject;
			attributes = {
				BuildIndependentTargetsInParallel = 1;
				LastSwiftUpdateCheck = 1630;
				LastUpgradeCheck = 1630;
				TargetAttributes = {
					A6E1F7272F6520C20040DE94 = {
						CreatedOnToolsVersion = 16.3;
					};
					A6E1F7302F6520C30040DE94 = {
						CreatedOnToolsVersion = 16.3;
					};
				};
			};
			buildConfigurationList = A6E1F7222F6520C20040DE94 /* Build configuration list for PBXProject "NetCore" */;
			developmentRegion = en;
			hasScannedForEncodings = 0;
			knownRegions = (
				en,
				Base,
			);
			mainGroup = A6E1F71E2F6520C20040DE94;
			minimizedProjectReferenceProxies = 1;
			packageReferences = (
				A6D9A6172F6542E1002E5130 /* XCRemoteSwiftPackageReference "Alamofire" */,
			);
			preferredProjectObjectVersion = 77;
			productRefGroup = A6E1F7292F6520C20040DE94 /* Products */;
			projectDirPath = "";
			projectRoot = "";
			targets = (
				A6E1F7272F6520C20040DE94 /* NetCore */,
				A6E1F7302F6520C30040DE94 /* NetCoreTests */,
			);
		};
/* End PBXProject section */

/* Begin PBXResourcesBuildPhase section */
		A6E1F7262F6520C20040DE94 /* Resources */ = {
			isa = PBXResourcesBuildPhase;
			buildActionMask = 2147483647;
			files = (
			);
			runOnlyForDeploymentPostprocessing = 0;
		};
		A6E1F72F2F6520C30040DE94 /* Resources */ = {
			isa = PBXResourcesBuildPhase;
			buildActionMask = 2147483647;
			files = (
			);
			runOnlyForDeploymentPostprocessing = 0;
		};
/* End PBXResourcesBuildPhase section */

/* Begin PBXSourcesBuildPhase section */
		A6E1F7242F6520C20040DE94 /* Sources */ = {
			isa = PBXSourcesBuildPhase;
			buildActionMask = 2147483647;
			files = (
				A65D2C182F65789A00484A64 /* NetworkError.swift in Sources */,
				A65D2C192F65789A00484A64 /* TokenProvider.swift in Sources */,
				A65D2C1A2F65789A00484A64 /* NetworkLogger.swift in Sources */,
				A65D2C1B2F65789A00484A64 /* HttpClientConfig.swift in Sources */,
				A65D2C1C2F65789A00484A64 /* MockProvider.swift in Sources */,
				A65D2C1D2F65789A00484A64 /* RequestPool.swift in Sources */,
				A65D2C1E2F65789A00484A64 /* OfflineRequest.swift in Sources */,
				A65D2C1F2F65789A00484A64 /* CachePolicy.swift in Sources */,
				A65D2C202F65789A00484A64 /* TokenRefresher.swift in Sources */,
				A65D2C212F65789A00484A64 /* HttpClientFactory.swift in Sources */,
				A65D2C222F65789A00484A64 /* HttpClient.swift in Sources */,
				A65D2C232F65789A00484A64 /* OfflineQueue.swift in Sources */,
				A65D2C242F65789A00484A64 /* AuthInterceptor.swift in Sources */,
				A65D2C252F65789A00484A64 /* TokenManager.swift in Sources */,
				A65D2C262F65789A00484A64 /* RequestDeduplicationPolicy.swift in Sources */,
				A65D2C272F65789A00484A64 /* TokenStore.swift in Sources */,
				A65D2C282F65789A00484A64 /* HTTPCache.swift in Sources */,
				A65D2C292F65789A00484A64 /* RetryInterceptor.swift in Sources */,
				A65D2C2A2F65789A00484A64 /* TransferManager.swift in Sources */,
				A65D2C2B2F65789A00484A64 /* Endpoint.swift in Sources */,
				A65D2C2C2F65789A00484A64 /* ResponseDecoder.swift in Sources */,
				A6D9A61D2F654342002E5130 /* Package.swift in Sources */,
			);
			runOnlyForDeploymentPostprocessing = 0;
		};
		A6E1F72D2F6520C30040DE94 /* Sources */ = {
			isa = PBXSourcesBuildPhase;
			buildActionMask = 2147483647;
			files = (
			);
			runOnlyForDeploymentPostprocessing = 0;
		};
/* End PBXSourcesBuildPhase section */

/* Begin PBXTargetDependency section */
		A6E1F7342F6520C30040DE94 /* PBXTargetDependency */ = {
			isa = PBXTargetDependency;
			target = A6E1F7272F6520C20040DE94 /* NetCore */;
			targetProxy = A6E1F7332F6520C30040DE94 /* PBXContainerItemProxy */;
		};
/* End PBXTargetDependency section */

/* Begin XCBuildConfiguration section */
		A6E1F7382F6520C30040DE94 /* Debug */ = {
			isa = XCBuildConfiguration;
			buildSettings = {
				ALWAYS_SEARCH_USER_PATHS = NO;
				ASSETCATALOG_COMPILER_GENERATE_SWIFT_ASSET_SYMBOL_EXTENSIONS = YES;
				CLANG_ANALYZER_NONNULL = YES;
				CLANG_ANALYZER_NUMBER_OBJECT_CONVERSION = YES_AGGRESSIVE;
				CLANG_CXX_LANGUAGE_STANDARD = "gnu++20";
				CLANG_ENABLE_MODULES = YES;
				CLANG_ENABLE_OBJC_ARC = YES;
				CLANG_ENABLE_OBJC_WEAK = YES;
				CLANG_WARN_BLOCK_CAPTURE_AUTORELEASING = YES;
				CLANG_WARN_BOOL_CONVERSION = YES;
				CLANG_WARN_COMMA = YES;
				CLANG_WARN_CONSTANT_CONVERSION = YES;
				CLANG_WARN_DEPRECATED_OBJC_IMPLEMENTATIONS = YES;
				CLANG_WARN_DIRECT_OBJC_ISA_USAGE = YES_ERROR;
				CLANG_WARN_DOCUMENTATION_COMMENTS = YES;
				CLANG_WARN_EMPTY_BODY = YES;
				CLANG_WARN_ENUM_CONVERSION = YES;
				CLANG_WARN_INFINITE_RECURSION = YES;
				CLANG_WARN_INT_CONVERSION = YES;
				CLANG_WARN_NON_LITERAL_NULL_CONVERSION = YES;
				CLANG_WARN_OBJC_IMPLICIT_RETAIN_SELF = YES;
				CLANG_WARN_OBJC_LITERAL_CONVERSION = YES;
				CLANG_WARN_OBJC_ROOT_CLASS = YES_ERROR;
				CLANG_WARN_QUOTED_INCLUDE_IN_FRAMEWORK_HEADER = YES;
				CLANG_WARN_RANGE_LOOP_ANALYSIS = YES;
				CLANG_WARN_STRICT_PROTOTYPES = YES;
				CLANG_WARN_SUSPICIOUS_MOVE = YES;
				CLANG_WARN_UNGUARDED_AVAILABILITY = YES_AGGRESSIVE;
				CLANG_WARN_UNREACHABLE_CODE = YES;
				CLANG_WARN__DUPLICATE_METHOD_MATCH = YES;
				COPY_PHASE_STRIP = NO;
				CURRENT_PROJECT_VERSION = 1;
				DEBUG_INFORMATION_FORMAT = dwarf;
				ENABLE_STRICT_OBJC_MSGSEND = YES;
				ENABLE_TESTABILITY = YES;
				ENABLE_USER_SCRIPT_SANDBOXING = YES;
				GCC_C_LANGUAGE_STANDARD = gnu17;
				GCC_DYNAMIC_NO_PIC = NO;
				GCC_NO_COMMON_BLOCKS = YES;
				GCC_OPTIMIZATION_LEVEL = 0;
				GCC_PREPROCESSOR_DEFINITIONS = (
					"DEBUG=1",
					"$(inherited)",
				);
				GCC_WARN_64_TO_32_BIT_CONVERSION = YES;
				GCC_WARN_ABOUT_RETURN_TYPE = YES_ERROR;
				GCC_WARN_UNDECLARED_SELECTOR = YES;
				GCC_WARN_UNINITIALIZED_AUTOS = YES_AGGRESSIVE;
				GCC_WARN_UNUSED_FUNCTION = YES;
				GCC_WARN_UNUSED_VARIABLE = YES;
				IPHONEOS_DEPLOYMENT_TARGET = 18.4;
				LOCALIZATION_PREFERS_STRING_CATALOGS = YES;
				MTL_ENABLE_DEBUG_INFO = INCLUDE_SOURCE;
				MTL_FAST_MATH = YES;
				ONLY_ACTIVE_ARCH = YES;
				SDKROOT = iphoneos;
				SWIFT_ACTIVE_COMPILATION_CONDITIONS = "DEBUG $(inherited)";
				SWIFT_OPTIMIZATION_LEVEL = "-Onone";
				VERSIONING_SYSTEM = "apple-generic";
				VERSION_INFO_PREFIX = "";
			};
			name = Debug;
		};
		A6E1F7392F6520C30040DE94 /* Release */ = {
			isa = XCBuildConfiguration;
			buildSettings = {
				ALWAYS_SEARCH_USER_PATHS = NO;
				ASSETCATALOG_COMPILER_GENERATE_SWIFT_ASSET_SYMBOL_EXTENSIONS = YES;
				CLANG_ANALYZER_NONNULL = YES;
				CLANG_ANALYZER_NUMBER_OBJECT_CONVERSION = YES_AGGRESSIVE;
				CLANG_CXX_LANGUAGE_STANDARD = "gnu++20";
				CLANG_ENABLE_MODULES = YES;
				CLANG_ENABLE_OBJC_ARC = YES;
				CLANG_ENABLE_OBJC_WEAK = YES;
				CLANG_WARN_BLOCK_CAPTURE_AUTORELEASING = YES;
				CLANG_WARN_BOOL_CONVERSION = YES;
				CLANG_WARN_COMMA = YES;
				CLANG_WARN_CONSTANT_CONVERSION = YES;
				CLANG_WARN_DEPRECATED_OBJC_IMPLEMENTATIONS = YES;
				CLANG_WARN_DIRECT_OBJC_ISA_USAGE = YES_ERROR;
				CLANG_WARN_DOCUMENTATION_COMMENTS = YES;
				CLANG_WARN_EMPTY_BODY = YES;
				CLANG_WARN_ENUM_CONVERSION = YES;
				CLANG_WARN_INFINITE_RECURSION = YES;
				CLANG_WARN_INT_CONVERSION = YES;
				CLANG_WARN_NON_LITERAL_NULL_CONVERSION = YES;
				CLANG_WARN_OBJC_IMPLICIT_RETAIN_SELF = YES;
				CLANG_WARN_OBJC_LITERAL_CONVERSION = YES;
				CLANG_WARN_OBJC_ROOT_CLASS = YES_ERROR;
				CLANG_WARN_QUOTED_INCLUDE_IN_FRAMEWORK_HEADER = YES;
				CLANG_WARN_RANGE_LOOP_ANALYSIS = YES;
				CLANG_WARN_STRICT_PROTOTYPES = YES;
				CLANG_WARN_SUSPICIOUS_MOVE = YES;
				CLANG_WARN_UNGUARDED_AVAILABILITY = YES_AGGRESSIVE;
				CLANG_WARN_UNREACHABLE_CODE = YES;
				CLANG_WARN__DUPLICATE_METHOD_MATCH = YES;
				COPY_PHASE_STRIP = NO;
				CURRENT_PROJECT_VERSION = 1;
				DEBUG_INFORMATION_FORMAT = "dwarf-with-dsym";
				ENABLE_NS_ASSERTIONS = NO;
				ENABLE_STRICT_OBJC_MSGSEND = YES;
				ENABLE_USER_SCRIPT_SANDBOXING = YES;
				GCC_C_LANGUAGE_STANDARD = gnu17;
				GCC_NO_COMMON_BLOCKS = YES;
				GCC_WARN_64_TO_32_BIT_CONVERSION = YES;
				GCC_WARN_ABOUT_RETURN_TYPE = YES_ERROR;
				GCC_WARN_UNDECLARED_SELECTOR = YES;
				GCC_WARN_UNINITIALIZED_AUTOS = YES_AGGRESSIVE;
				GCC_WARN_UNUSED_FUNCTION = YES;
				GCC_WARN_UNUSED_VARIABLE = YES;
				IPHONEOS_DEPLOYMENT_TARGET = 18.4;
				LOCALIZATION_PREFERS_STRING_CATALOGS = YES;
				MTL_ENABLE_DEBUG_INFO = NO;
				MTL_FAST_MATH = YES;
				SDKROOT = iphoneos;
				SWIFT_COMPILATION_MODE = wholemodule;
				VALIDATE_PRODUCT = YES;
				VERSIONING_SYSTEM = "apple-generic";
				VERSION_INFO_PREFIX = "";
			};
			name = Release;
		};
		A6E1F73B2F6520C30040DE94 /* Debug */ = {
			isa = XCBuildConfiguration;
			buildSettings = {
				BUILD_LIBRARY_FOR_DISTRIBUTION = YES;
				CODE_SIGN_STYLE = Automatic;
				CURRENT_PROJECT_VERSION = 1;
				DYLIB_COMPATIBILITY_VERSION = 1;
				DYLIB_CURRENT_VERSION = 1;
				DYLIB_INSTALL_NAME_BASE = "@rpath";
				ENABLE_MODULE_VERIFIER = YES;
				GENERATE_INFOPLIST_FILE = YES;
				INFOPLIST_KEY_NSHumanReadableCopyright = "";
				INSTALL_PATH = "$(LOCAL_LIBRARY_DIR)/Frameworks";
				LD_RUNPATH_SEARCH_PATHS = (
					"$(inherited)",
					"@executable_path/Frameworks",
					"@loader_path/Frameworks",
				);
				MARKETING_VERSION = 1.0;
				MODULE_VERIFIER_SUPPORTED_LANGUAGES = "objective-c objective-c++";
				MODULE_VERIFIER_SUPPORTED_LANGUAGE_STANDARDS = "gnu17 gnu++20";
				PRODUCT_BUNDLE_IDENTIFIER = fengqiu.NetCore;
				PRODUCT_NAME = "$(TARGET_NAME:c99extidentifier)";
				SKIP_INSTALL = YES;
				SWIFT_EMIT_LOC_STRINGS = YES;
				SWIFT_INSTALL_MODULE = YES;
				SWIFT_INSTALL_OBJC_HEADER = NO;
				SWIFT_VERSION = 5.0;
				TARGETED_DEVICE_FAMILY = "1,2";
			};
			name = Debug;
		};
		A6E1F73C2F6520C30040DE94 /* Release */ = {
			isa = XCBuildConfiguration;
			buildSettings = {
				BUILD_LIBRARY_FOR_DISTRIBUTION = YES;
				CODE_SIGN_STYLE = Automatic;
				CURRENT_PROJECT_VERSION = 1;
				DYLIB_COMPATIBILITY_VERSION = 1;
				DYLIB_CURRENT_VERSION = 1;
				DYLIB_INSTALL_NAME_BASE = "@rpath";
				ENABLE_MODULE_VERIFIER = YES;
				GENERATE_INFOPLIST_FILE = YES;
				INFOPLIST_KEY_NSHumanReadableCopyright = "";
				INSTALL_PATH = "$(LOCAL_LIBRARY_DIR)/Frameworks";
				LD_RUNPATH_SEARCH_PATHS = (
					"$(inherited)",
					"@executable_path/Frameworks",
					"@loader_path/Frameworks",
				);
				MARKETING_VERSION = 1.0;
				MODULE_VERIFIER_SUPPORTED_LANGUAGES = "objective-c objective-c++";
				MODULE_VERIFIER_SUPPORTED_LANGUAGE_STANDARDS = "gnu17 gnu++20";
				PRODUCT_BUNDLE_IDENTIFIER = fengqiu.NetCore;
				PRODUCT_NAME = "$(TARGET_NAME:c99extidentifier)";
				SKIP_INSTALL = YES;
				SWIFT_EMIT_LOC_STRINGS = YES;
				SWIFT_INSTALL_MODULE = YES;
				SWIFT_INSTALL_OBJC_HEADER = NO;
				SWIFT_VERSION = 5.0;
				TARGETED_DEVICE_FAMILY = "1,2";
			};
			name = Release;
		};
		A6E1F73E2F6520C30040DE94 /* Debug */ = {
			isa = XCBuildConfiguration;
			buildSettings = {
				CODE_SIGN_STYLE = Automatic;
				CURRENT_PROJECT_VERSION = 1;
				GENERATE_INFOPLIST_FILE = YES;
				MARKETING_VERSION = 1.0;
				PRODUCT_BUNDLE_IDENTIFIER = fengqiu.NetCoreTests;
				PRODUCT_NAME = "$(TARGET_NAME)";
				SWIFT_EMIT_LOC_STRINGS = NO;
				SWIFT_VERSION = 5.0;
				TARGETED_DEVICE_FAMILY = "1,2";
			};
			name = Debug;
		};
		A6E1F73F2F6520C30040DE94 /* Release */ = {
			isa = XCBuildConfiguration;
			buildSettings = {
				CODE_SIGN_STYLE = Automatic;
				CURRENT_PROJECT_VERSION = 1;
				GENERATE_INFOPLIST_FILE = YES;
				MARKETING_VERSION = 1.0;
				PRODUCT_BUNDLE_IDENTIFIER = fengqiu.NetCoreTests;
				PRODUCT_NAME = "$(TARGET_NAME)";
				SWIFT_EMIT_LOC_STRINGS = NO;
				SWIFT_VERSION = 5.0;
				TARGETED_DEVICE_FAMILY = "1,2";
			};
			name = Release;
		};
/* End XCBuildConfiguration section */

/* Begin XCConfigurationList section */
		A6E1F7222F6520C20040DE94 /* Build configuration list for PBXProject "NetCore" */ = {
			isa = XCConfigurationList;
			buildConfigurations = (
				A6E1F7382F6520C30040DE94 /* Debug */,
				A6E1F7392F6520C30040DE94 /* Release */,
			);
			defaultConfigurationIsVisible = 0;
			defaultConfigurationName = Release;
		};
		A6E1F73A2F6520C30040DE94 /* Build configuration list for PBXNativeTarget "NetCore" */ = {
			isa = XCConfigurationList;
			buildConfigurations = (
				A6E1F73B2F6520C30040DE94 /* Debug */,
				A6E1F73C2F6520C30040DE94 /* Release */,
			);
			defaultConfigurationIsVisible = 0;
			defaultConfigurationName = Release;
		};
		A6E1F73D2F6520C30040DE94 /* Build configuration list for PBXNativeTarget "NetCoreTests" */ = {
			isa = XCConfigurationList;
			buildConfigurations = (
				A6E1F73E2F6520C30040DE94 /* Debug */,
				A6E1F73F2F6520C30040DE94 /* Release */,
			);
			defaultConfigurationIsVisible = 0;
			defaultConfigurationName = Release;
		};
/* End XCConfigurationList section */

/* Begin XCRemoteSwiftPackageReference section */
		A6D9A6172F6542E1002E5130 /* XCRemoteSwiftPackageReference "Alamofire" */ = {
			isa = XCRemoteSwiftPackageReference;
			repositoryURL = "https://github.com/Alamofire/Alamofire.git";
			requirement = {
				kind = upToNextMajorVersion;
				minimumVersion = 5.11.1;
			};
		};
/* End XCRemoteSwiftPackageReference section */

/* Begin XCSwiftPackageProductDependency section */
		A6D9A6182F6542E1002E5130 /* Alamofire */ = {
			isa = XCSwiftPackageProductDependency;
			package = A6D9A6172F6542E1002E5130 /* XCRemoteSwiftPackageReference "Alamofire" */;
			productName = Alamofire;
		};
		A6D9A61A2F6542E1002E5130 /* AlamofireDynamic */ = {
			isa = XCSwiftPackageProductDependency;
			package = A6D9A6172F6542E1002E5130 /* XCRemoteSwiftPackageReference "Alamofire" */;
			productName = AlamofireDynamic;
		};
/* End XCSwiftPackageProductDependency section */
	};
	rootObject = A6E1F71F2F6520C20040DE94 /* Project object */;
}
